// !$*UTF8*$!
{
	archiveVersion = 1;
	classes = {
	};
	objectVersion = 56;
	objects = {

/* Begin PBXBuildFile section */
		D7A993B12A10DBCB00A856AE /* AppDelegate.swift in Sources */ = {isa = PBXBuildFile; fileRef = D7A993B02A10DBCB00A856AE /* AppDelegate.swift */; };
		D7A993B32A10DBCB00A856AE /* SceneDelegate.swift in Sources */ = {isa = PBXBuildFile; fileRef = D7A993B22A10DBCB00A856AE /* SceneDelegate.swift */; };
		D7A993B52A10DBCB00A856AE /* ViewController.swift in Sources */ = {isa = PBXBuildFile; fileRef = D7A993B42A10DBCB00A856AE /* ViewController.swift */; };
		D7A993B82A10DBCB00A856AE /* Main.storyboard in Resources */ = {isa = PBXBuildFile; fileRef = D7A993B62A10DBCB00A856AE /* Main.storyboard */; };
		D7A993BA2A10DBCD00A856AE /* Assets.xcassets in Resources */ = {isa = PBXBuildFile; fileRef = D7A993B92A10DBCD00A856AE /* Assets.xcassets */; };
		D7A993BD2A10DBCD00A856AE /* LaunchScreen.storyboard in Resources */ = {isa = PBXBuildFile; fileRef = D7A993BB2A10DBCD00A856AE /* LaunchScreen.storyboard */; };
		D7A993C82A10DBCD00A856AE /* CounterTests.swift in Sources */ = {isa = PBXBuildFile; fileRef = D7A993C72A10DBCD00A856AE /* CounterTests.swift */; };
		D7A993D22A10DBCD00A856AE /* CounterUITests.swift in Sources */ = {isa = PBXBuildFile; fileRef = D7A993D12A10DBCD00A856AE /* CounterUITests.swift */; };
		D7A993D42A10DBCD00A856AE /* CounterUITestsLaunchTests.swift in Sources */ = {isa = PBXBuildFile; fileRef = D7A993D32A10DBCD00A856AE /* CounterUITestsLaunchTests.swift */; };
/* End PBXBuildFile section */

/* Begin PBXContainerItemProxy section */
		D7A993C42A10DBCD00A856AE /* PBXContainerItemProxy */ = {
			isa = PBXContainerItemProxy;
			containerPortal = D7A993A52A10DBCB00A856AE /* Project object */;
			proxyType = 1;
			remoteGlobalIDString = D7A993AC2A10DBCB00A856AE;
			remoteInfo = Counter;
		};
		D7A993CE2A10DBCD00A856AE /* PBXContainerItemProxy */ = {
			isa = PBXContainerItemProxy;
			containerPortal = D7A993A52A10DBCB00A856AE /* Project object */;
			proxyType = 1;
			remoteGlobalIDString = D7A993AC2A10DBCB00A856AE;
			remoteInfo = Counter;
		};
/* End PBXContainerItemProxy section */

/* Begin PBXFileReference section */
		D7A993AD2A10DBCB00A856AE /* Counter.app */ = {isa = PBXFileReference; explicitFileType = wrapper.application; includeInIndex = 0; path = Counter.app; sourceTree = BUILT_PRODUCTS_DIR; };
		D7A993B02A10DBCB00A856AE /* AppDelegate.swift */ = {isa = PBXFileReference; lastKnownFileType = sourcecode.swift; path = AppDelegate.swift; sourceTree = "<group>"; };
		D7A993B22A10DBCB00A856AE /* SceneDelegate.swift */ = {isa = PBXFileReference; lastKnownFileType = sourcecode.swift; path = SceneDelegate.swift; sourceTree = "<group>"; };
		D7A993B42A10DBCB00A856AE /* ViewController.swift */ = {isa = PBXFileReference; lastKnownFileType = sourcecode.swift; path = ViewController.swift; sourceTree = "<group>"; };
		D7A993B72A10DBCB00A856AE /* Base */ = {isa = PBXFileReference; lastKnownFileType = file.storyboard; name = Base; path = Base.lproj/Main.storyboard; sourceTree = "<group>"; };
		D7A993B92A10DBCD00A856AE /* Assets.xcassets */ = {isa = PBXFileReference; lastKnownFileType = folder.assetcatalog; path = Assets.xcassets; sourceTree = "<group>"; };
		D7A993BC2A10DBCD00A856AE /* Base */ = {isa = PBXFileReference; lastKnownFileType = file.storyboard; name = Base; path = Base.lproj/LaunchScreen.storyboard; sourceTree = "<group>"; };
		D7A993BE2A10DBCD00A856AE /* Info.plist */ = {isa = PBXFileReference; lastKnownFileType = text.plist.xml; path = Info.plist; sourceTree = "<group>"; };
		D7A993C32A10DBCD00A856AE /* CounterTests.xctest */ = {isa = PBXFileReference; explicitFileType = wrapper.cfbundle; includeInIndex = 0; path = CounterTests.xctest; sourceTree = BUILT_PRODUCTS_DIR; };
		D7A993C72A10DBCD00A856AE /* CounterTests.swift */ = {isa = PBXFileReference; lastKnownFileType = sourcecode.swift; path = CounterTests.swift; sourceTree = "<group>"; };
		D7A993CD2A10DBCD00A856AE /* CounterUITests.xctest */ = {isa = PBXFileReference; explicitFileType = wrapper.cfbundle; includeInIndex = 0; path = CounterUITests.xctest; sourceTree = BUILT_PRODUCTS_DIR; };
		D7A993D12A10DBCD00A856AE /* CounterUITests.swift */ = {isa = PBXFileReference; lastKnownFileType = sourcecode.swift; path = CounterUITests.swift; sourceTree = "<group>"; };
		D7A993D32A10DBCD00A856AE /* CounterUITestsLaunchTests.swift */ = {isa = PBXFileReference; lastKnownFileType = sourcecode.swift; path = CounterUITestsLaunchTests.swift; sourceTree = "<group>"; };
/* End PBXFileReference section */

/* Begin PBXFrameworksBuildPhase section */
		D7A993AA2A10DBCB00A856AE /* Frameworks */ = {
			isa = PBXFrameworksBuildPhase;
			buildActionMask = 2147483647;
			files = (
			);
			runOnlyForDeploymentPostprocessing = 0;
		};
		D7A993C02A10DBCD00A856AE /* Frameworks */ = {
			isa = PBXFrameworksBuildPhase;
			buildActionMask = 2147483647;
			files = (
			);
			runOnlyForDeploymentPostprocessing = 0;
		};
		D7A993CA2A10DBCD00A856AE /* Frameworks */ = {
			isa = PBXFrameworksBuildPhase;
			buildActionMask = 2147483647;
			files = (
			);
			runOnlyForDeploymentPostprocessing = 0;
		};
/* End PBXFrameworksBuildPhase section */

/* Begin PBXGroup section */
		D7A993A42A10DBCB00A856AE = {
			isa = PBXGroup;
			children = (
				D7A993AF2A10DBCB00A856AE /* Counter */,
				D7A993C62A10DBCD00A856AE /* CounterTests */,
				D7A993D02A10DBCD00A856AE /* CounterUITests */,
				D7A993AE2A10DBCB00A856AE /* Products */,
			);
			sourceTree = "<group>";
		};
		D7A993AE2A10DBCB00A856AE /* Products */ = {
			isa = PBXGroup;
			children = (
				D7A993AD2A10DBCB00A856AE /* Counter.app */,
				D7A993C32A10DBCD00A856AE /* CounterTests.xctest */,
				D7A993CD2A10DBCD00A856AE /* CounterUITests.xctest */,
			);
			name = Products;
			sourceTree = "<group>";
		};
		D7A993AF2A10DBCB00A856AE /* Counter */ = {
			isa = PBXGroup;
			children = (
				D7A993B02A10DBCB00A856AE /* AppDelegate.swift */,
				D7A993B22A10DBCB00A856AE /* SceneDelegate.swift */,
				D7A993B42A10DBCB00A856AE /* ViewController.swift */,
				D7A993B62A10DBCB00A856AE /* Main.storyboard */,
				D7A993B92A10DBCD00A856AE /* Assets.xcassets */,
				D7A993BB2A10DBCD00A856AE /* LaunchScreen.storyboard */,
				D7A993BE2A10DBCD00A856AE /* Info.plist */,
			);
			path = Counter;
			sourceTree = "<group>";
		};
		D7A993C62A10DBCD00A856AE /* CounterTests */ = {
			isa = PBXGroup;
			children = (
				D7A993C72A10DBCD00A856AE /* CounterTests.swift */,
			);
			path = CounterTests;
			sourceTree = "<group>";
		};
		D7A993D02A10DBCD00A856AE /* CounterUITests */ = {
			isa = PBXGroup;
			children = (
				D7A993D12A10DBCD00A856AE /* CounterUITests.swift */,
				D7A993D32A10DBCD00A856AE /* CounterUITestsLaunchTests.swift */,
			);
			path = CounterUITests;
			sourceTree = "<group>";
		};
/* End PBXGroup section */

/* Begin PBXNativeTarget section */
		D7A993AC2A10DBCB00A856AE /* Counter */ = {
			isa = PBXNativeTarget;
			buildConfigurationList = D7A993D72A10DBCD00A856AE /* Build configuration list for PBXNativeTarget "Counter" */;
			buildPhases = (
				D7A993A92A10DBCB00A856AE /* Sources */,
				D7A993AA2A10DBCB00A856AE /* Frameworks */,
				D7A993AB2A10DBCB00A856AE /* Resources */,
			);
			buildRules = (
			);
			dependencies = (
			);
			name = Counter;
			productName = Counter;
			productReference = D7A993AD2A10DBCB00A856AE /* Counter.app */;
			productType = "com.apple.product-type.application";
		};
		D7A993C22A10DBCD00A856AE /* CounterTests */ = {
			isa = PBXNativeTarget;
			buildConfigurationList = D7A993DA2A10DBCD00A856AE /* Build configuration list for PBXNativeTarget "CounterTests" */;
			buildPhases = (
				D7A993BF2A10DBCD00A856AE /* Sources */,
				D7A993C02A10DBCD00A856AE /* Frameworks */,
				D7A993C12A10DBCD00A856AE /* Resources */,
			);
			buildRules = (
			);
			dependencies = (
				D7A993C52A10DBCD00A856AE /* PBXTargetDependency */,
			);
			name = CounterTests;
			productName = CounterTests;
			productReference = D7A993C32A10DBCD00A856AE /* CounterTests.xctest */;
			productType = "com.apple.product-type.bundle.unit-test";
		};
		D7A993CC2A10DBCD00A856AE /* CounterUITests */ = {
			isa = PBXNativeTarget;
			buildConfigurationList = D7A993DD2A10DBCD00A856AE /* Build configuration list for PBXNativeTarget "CounterUITests" */;
			buildPhases = (
				D7A993C92A10DBCD00A856AE /* Sources */,
				D7A993CA2A10DBCD00A856AE /* Frameworks */,
				D7A993CB2A10DBCD00A856AE /* Resources */,
			);
			buildRules = (
			);
			dependencies = (
				D7A993CF2A10DBCD00A856AE /* PBXTargetDependency */,
			);
			name = CounterUITests;
			productName = CounterUITests;
			productReference = D7A993CD2A10DBCD00A856AE /* CounterUITests.xctest */;
			productType = "com.apple.product-type.bundle.ui-testing";
		};
/* End PBXNativeTarget section */

/* Begin PBXProject section */
		D7A993A52A10DBCB00A856AE /* Project object */ = {
			isa = PBXProject;
			attributes = {
				BuildIndependentTargetsInParallel = 1;
				LastSwiftUpdateCheck = 1430;
				LastUpgradeCheck = 1430;
				TargetAttributes = {
					D7A993AC2A10DBCB00A856AE = {
						CreatedOnToolsVersion = 14.3;
					};
					D7A993C22A10DBCD00A856AE = {
						CreatedOnToolsVersion = 14.3;
						TestTargetID = D7A993AC2A10DBCB00A856AE;
					};
					D7A993CC2A10DBCD00A856AE = {
						CreatedOnToolsVersion = 14.3;
						TestTargetID = D7A993AC2A10DBCB00A856AE;
					};
				};
			};
			buildConfigurationList = D7A993A82A10DBCB00A856AE /* Build configuration list for PBXProject "Counter" */;
			compatibilityVersion = "Xcode 14.0";
			developmentRegion = en;
			hasScannedForEncodings = 0;
			knownRegions = (
				en,
				Base,
			);
			mainGroup = D7A993A42A10DBCB00A856AE;
			productRefGroup = D7A993AE2A10DBCB00A856AE /* Products */;
			projectDirPath = "";
			projectRoot = "";
			targets = (
				D7A993AC2A10DBCB00A856AE /* Counter */,
				D7A993C22A10DBCD00A856AE /* CounterTests */,
				D7A993CC2A10DBCD00A856AE /* CounterUITests */,
			);
		};
/* End PBXProject section */

/* Begin PBXResourcesBuildPhase section */
		D7A993AB2A10DBCB00A856AE /* Resources */ = {
			isa = PBXResourcesBuildPhase;
			buildActionMask = 2147483647;
			files = (
				D7A993BD2A10DBCD00A856AE /* LaunchScreen.storyboard in Resources */,
				D7A993BA2A10DBCD00A856AE /* Assets.xcassets in Resources */,
				D7A993B82A10DBCB00A856AE /* Main.storyboard in Resources */,
			);
			runOnlyForDeploymentPostprocessing = 0;
		};
		D7A993C12A10DBCD00A856AE /* Resources */ = {
			isa = PBXResourcesBuildPhase;
			buildActionMask = 2147483647;
			files = (
			);
			runOnlyForDeploymentPostprocessing = 0;
		};
		D7A993CB2A10DBCD00A856AE /* Resources */ = {
			isa = PBXResourcesBuildPhase;
			buildActionMask = 2147483647;
			files = (
			);
			runOnlyForDeploymentPostprocessing = 0;
		};
/* End PBXResourcesBuildPhase section */

/* Begin PBXSourcesBuildPhase section */
		D7A993A92A10DBCB00A856AE /* Sources */ = {
			isa = PBXSourcesBuildPhase;
			buildActionMask = 2147483647;
			files = (
				D7A993B52A10DBCB00A856AE /* ViewController.swift in Sources */,
				D7A993B12A10DBCB00A856AE /* AppDelegate.swift in Sources */,
				D7A993B32A10DBCB00A856AE /* SceneDelegate.swift in Sources */,
			);
			runOnlyForDeploymentPostprocessing = 0;
		};
		D7A993BF2A10DBCD00A856AE /* Sources */ = {
			isa = PBXSourcesBuildPhase;
			buildActionMask = 2147483647;
			files = (
				D7A993C82A10DBCD00A856AE /* CounterTests.swift in Sources */,
			);
			runOnlyForDeploymentPostprocessing = 0;
		};
		D7A993C92A10DBCD00A856AE /* Sources */ = {
			isa = PBXSourcesBuildPhase;
			buildActionMask = 2147483647;
			files = (
				D7A993D22A10DBCD00A856AE /* CounterUITests.swift in Sources */,
				D7A993D42A10DBCD00A856AE /* CounterUITestsLaunchTests.swift in Sources */,
			);
			runOnlyForDeploymentPostprocessing = 0;
		};
/* End PBXSourcesBuildPhase section */

/* Begin PBXTargetDependency section */
		D7A993C52A10DBCD00A856AE /* PBXTargetDependency */ = {
			isa = PBXTargetDependency;
			target = D7A993AC2A10DBCB00A856AE /* Counter */;
			targetProxy = D7A993C42A10DBCD00A856AE /* PBXContainerItemProxy */;
		};
		D7A993CF2A10DBCD00A856AE /* PBXTargetDependency */ = {
			isa = PBXTargetDependency;
			target = D7A993AC2A10DBCB00A856AE /* Counter */;
			targetProxy = D7A993CE2A10DBCD00A856AE /* PBXContainerItemProxy */;
		};
/* End PBXTargetDependency section */

/* Begin PBXVariantGroup section */
		D7A993B62A10DBCB00A856AE /* Main.storyboard */ = {
			isa = PBXVariantGroup;
			children = (
				D7A993B72A10DBCB00A856AE /* Base */,
			);
			name = Main.storyboard;
			sourceTree = "<group>";
		};
		D7A993BB2A10DBCD00A856AE /* LaunchScreen.storyboard */ = {
			isa = PBXVariantGroup;
			children = (
				D7A993BC2A10DBCD00A856AE /* Base */,
			);
			name = LaunchScreen.storyboard;
			sourceTree = "<group>";
		};
/* End PBXVariantGroup section */

/* Begin XCBuildConfiguration section */
		D7A993D52A10DBCD00A856AE /* Debug */ = {
			isa = XCBuildConfiguration;
			buildSettings = {
				ALWAYS_SEARCH_USER_PATHS = NO;
				CLANG_ANALYZER_NONNULL = YES;
				CLANG_ANALYZER_NUMBER_OBJECT_CONVERSION = YES_AGGRESSIVE;
				CLANG_CXX_LANGUAGE_STANDARD = "gnu++20";
				CLANG_ENABLE_MODULES = YES;
				CLANG_ENABLE_OBJC_ARC = YES;
				CLANG_ENABLE_OBJC_WEAK = YES;
				CLANG_WARN_BLOCK_CAPTURE_AUTORELEASING = YES;
				CLANG_WARN_BOOL_CONVERSION = YES;
				CLANG_WARN_COMMA = YES;
				CLANG_WARN_CONSTANT_CONVERSION = YES;
				CLANG_WARN_DEPRECATED_OBJC_IMPLEMENTATIONS = YES;
				CLANG_WARN_DIRECT_OBJC_ISA_USAGE = YES_ERROR;
				CLANG_WARN_DOCUMENTATION_COMMENTS = YES;
				CLANG_WARN_EMPTY_BODY = YES;
				CLANG_WARN_ENUM_CONVERSION = YES;
				CLANG_WARN_INFINITE_RECURSION = YES;
				CLANG_WARN_INT_CONVERSION = YES;
				CLANG_WARN_NON_LITERAL_NULL_CONVERSION = YES;
				CLANG_WARN_OBJC_IMPLICIT_RETAIN_SELF = YES;
				CLANG_WARN_OBJC_LITERAL_CONVERSION = YES;
				CLANG_WARN_OBJC_ROOT_CLASS = YES_ERROR;
				CLANG_WARN_QUOTED_INCLUDE_IN_FRAMEWORK_HEADER = YES;
				CLANG_WARN_RANGE_LOOP_ANALYSIS = YES;
				CLANG_WARN_STRICT_PROTOTYPES = YES;
				CLANG_WARN_SUSPICIOUS_MOVE = YES;
				CLANG_WARN_UNGUARDED_AVAILABILITY = YES_AGGRESSIVE;
				CLANG_WARN_UNREACHABLE_CODE = YES;
				CLANG_WARN__DUPLICATE_METHOD_MATCH = YES;
				COPY_PHASE_STRIP = NO;
				DEBUG_INFORMATION_FORMAT = dwarf;
				ENABLE_STRICT_OBJC_MSGSEND = YES;
				ENABLE_TESTABILITY = YES;
				GCC_C_LANGUAGE_STANDARD = gnu11;
				GCC_DYNAMIC_NO_PIC = NO;
				GCC_NO_COMMON_BLOCKS = YES;
				GCC_OPTIMIZATION_LEVEL = 0;
				GCC_PREPROCESSOR_DEFINITIONS = (
					"DEBUG=1",
					"$(inherited)",
				);
				GCC_WARN_64_TO_32_BIT_CONVERSION = YES;
				GCC_WARN_ABOUT_RETURN_TYPE = YES_ERROR;
				GCC_WARN_UNDECLARED_SELECTOR = YES;
				GCC_WARN_UNINITIALIZED_AUTOS = YES_AGGRESSIVE;
				GCC_WARN_UNUSED_FUNCTION = YES;
				GCC_WARN_UNUSED_VARIABLE = YES;
				IPHONEOS_DEPLOYMENT_TARGET = 16.4;
				MTL_ENABLE_DEBUG_INFO = INCLUDE_SOURCE;
				MTL_FAST_MATH = YES;
				ONLY_ACTIVE_ARCH = YES;
				SDKROOT = iphoneos;
				SWIFT_ACTIVE_COMPILATION_CONDITIONS = DEBUG;
				SWIFT_OPTIMIZATION_LEVEL = "-Onone";
			};
			name = Debug;
		};
		D7A993D62A10DBCD00A856AE /* Release */ = {
			isa = XCBuildConfiguration;
			buildSettings = {
				ALWAYS_SEARCH_USER_PATHS = NO;
				CLANG_ANALYZER_NONNULL = YES;
				CLANG_ANALYZER_NUMBER_OBJECT_CONVERSION = YES_AGGRESSIVE;
				CLANG_CXX_LANGUAGE_STANDARD = "gnu++20";
				CLANG_ENABLE_MODULES = YES;
				CLANG_ENABLE_OBJC_ARC = YES;
				CLANG_ENABLE_OBJC_WEAK = YES;
				CLANG_WARN_BLOCK_CAPTURE_AUTORELEASING = YES;
				CLANG_WARN_BOOL_CONVERSION = YES;
				CLANG_WARN_COMMA = YES;
				CLANG_WARN_CONSTANT_CONVERSION = YES;
				CLANG_WARN_DEPRECATED_OBJC_IMPLEMENTATIONS = YES;
				CLANG_WARN_DIRECT_OBJC_ISA_USAGE = YES_ERROR;
				CLANG_WARN_DOCUMENTATION_COMMENTS = YES;
				CLANG_WARN_EMPTY_BODY = YES;
				CLANG_WARN_ENUM_CONVERSION = YES;
				CLANG_WARN_INFINITE_RECURSION = YES;
				CLANG_WARN_INT_CONVERSION = YES;
				CLANG_WARN_NON_LITERAL_NULL_CONVERSION = YES;
				CLANG_WARN_OBJC_IMPLICIT_RETAIN_SELF = YES;
				CLANG_WARN_OBJC_LITERAL_CONVERSION = YES;
				CLANG_WARN_OBJC_ROOT_CLASS = YES_ERROR;
				CLANG_WARN_QUOTED_INCLUDE_IN_FRAMEWORK_HEADER = YES;
				CLANG_WARN_RANGE_LOOP_ANALYSIS = YES;
				CLANG_WARN_STRICT_PROTOTYPES = YES;
				CLANG_WARN_SUSPICIOUS_MOVE = YES;
				CLANG_WARN_UNGUARDED_AVAILABILITY = YES_AGGRESSIVE;
				CLANG_WARN_UNREACHABLE_CODE = YES;
				CLANG_WARN__DUPLICATE_METHOD_MATCH = YES;
				COPY_PHASE_STRIP = NO;
				DEBUG_INFORMATION_FORMAT = "dwarf-with-dsym";
				ENABLE_NS_ASSERTIONS = NO;
				ENABLE_STRICT_OBJC_MSGSEND = YES;
				GCC_C_LANGUAGE_STANDARD = gnu11;
				GCC_NO_COMMON_BLOCKS = YES;
				GCC_WARN_64_TO_32_BIT_CONVERSION = YES;
				GCC_WARN_ABOUT_RETURN_TYPE = YES_ERROR;
				GCC_WARN_UNDECLARED_SELECTOR = YES;
				GCC_WARN_UNINITIALIZED_AUTOS = YES_AGGRESSIVE;
				GCC_WARN_UNUSED_FUNCTION = YES;
				GCC_WARN_UNUSED_VARIABLE = YES;
				IPHONEOS_DEPLOYMENT_TARGET = 16.4;
				MTL_ENABLE_DEBUG_INFO = NO;
				MTL_FAST_MATH = YES;
				SDKROOT = iphoneos;
				SWIFT_COMPILATION_MODE = wholemodule;
				SWIFT_OPTIMIZATION_LEVEL = "-O";
				VALIDATE_PRODUCT = YES;
			};
			name = Release;
		};
		D7A993D82A10DBCD00A856AE /* Debug */ = {
			isa = XCBuildConfiguration;
			buildSettings = {
				ASSETCATALOG_COMPILER_APPICON_NAME = AppIcon;
				ASSETCATALOG_COMPILER_GLOBAL_ACCENT_COLOR_NAME = AccentColor;
				CODE_SIGN_STYLE = Automatic;
				CURRENT_PROJECT_VERSION = 1;
				DEVELOPMENT_TEAM = SR8M6C93J7;
				GENERATE_INFOPLIST_FILE = YES;
				INFOPLIST_FILE = Counter/Info.plist;
				INFOPLIST_KEY_UIApplicationSupportsIndirectInputEvents = YES;
				INFOPLIST_KEY_UILaunchStoryboardName = LaunchScreen;
				INFOPLIST_KEY_UIMainStoryboardFile = Main;
				INFOPLIST_KEY_UISupportedInterfaceOrientations_iPad = "UIInterfaceOrientationPortrait UIInterfaceOrientationPortraitUpsideDown UIInterfaceOrientationLandscapeLeft UIInterfaceOrientationLandscapeRight";
				INFOPLIST_KEY_UISupportedInterfaceOrientations_iPhone = "UIInterfaceOrientationPortrait UIInterfaceOrientationLandscapeLeft UIInterfaceOrientationLandscapeRight";
				LD_RUNPATH_SEARCH_PATHS = (
					"$(inherited)",
					"@executable_path/Frameworks",
				);
				MARKETING_VERSION = 1.0;
				PRODUCT_BUNDLE_IDENTIFIER = com.example.Counter;
				PRODUCT_NAME = "$(TARGET_NAME)";
				SWIFT_EMIT_LOC_STRINGS = YES;
				SWIFT_VERSION = 5.0;
				TARGETED_DEVICE_FAMILY = "1,2";
			};
			name = Debug;
		};
		D7A993D92A10DBCD00A856AE /* Release */ = {
			isa = XCBuildConfiguration;
			buildSettings = {
				ASSETCATALOG_COMPILER_APPICON_NAME = AppIcon;
				ASSETCATALOG_COMPILER_GLOBAL_ACCENT_COLOR_NAME = AccentColor;
				CODE_SIGN_STYLE = Automatic;
				CURRENT_PROJECT_VERSION = 1;
				DEVELOPMENT_TEAM = SR8M6C93J7;
				GENERATE_INFOPLIST_FILE = YES;
				INFOPLIST_FILE = Counter/Info.plist;
				INFOPLIST_KEY_UIApplicationSupportsIndirectInputEvents = YES;
				INFOPLIST_KEY_UILaunchStoryboardName = LaunchScreen;
				INFOPLIST_KEY_UIMainStoryboardFile = Main;
				INFOPLIST_KEY_UISupportedInterfaceOrientations_iPad = "UIInterfaceOrientationPortrait UIInterfaceOrientationPortraitUpsideDown UIInterfaceOrientationLandscapeLeft UIInterfaceOrientationLandscapeRight";
				INFOPLIST_KEY_UISupportedInterfaceOrientations_iPhone = "UIInterfaceOrientationPortrait UIInterfaceOrientationLandscapeLeft UIInterfaceOrientationLandscapeRight";
				LD_RUNPATH_SEARCH_PATHS = (
					"$(inherited)",
					"@executable_path/Frameworks",
				);
				MARKETING_VERSION = 1.0;
				PRODUCT_BUNDLE_IDENTIFIER = com.example.Counter;
				PRODUCT_NAME = "$(TARGET_NAME)";
				SWIFT_EMIT_LOC_STRINGS = YES;
				SWIFT_VERSION = 5.0;
				TARGETED_DEVICE_FAMILY = "1,2";
			};
			name = Release;
		};
		D7A993DB2A10DBCD00A856AE /* Debug */ = {
			isa = XCBuildConfiguration;
			buildSettings = {
				ALWAYS_EMBED_SWIFT_STANDARD_LIBRARIES = YES;
				BUNDLE_LOADER = "$(TEST_HOST)";
				CODE_SIGN_STYLE = Automatic;
				CURRENT_PROJECT_VERSION = 1;
				DEVELOPMENT_TEAM = SR8M6C93J7;
				GENERATE_INFOPLIST_FILE = YES;
				IPHONEOS_DEPLOYMENT_TARGET = 16.4;
				MARKETING_VERSION = 1.0;
				PRODUCT_BUNDLE_IDENTIFIER = com.example.CounterTests;
				PRODUCT_NAME = "$(TARGET_NAME)";
				SWIFT_EMIT_LOC_STRINGS = NO;
				SWIFT_VERSION = 5.0;
				TARGETED_DEVICE_FAMILY = "1,2";
				TEST_HOST = "$(BUILT_PRODUCTS_DIR)/Counter.app/$(BUNDLE_EXECUTABLE_FOLDER_PATH)/Counter";
			};
			name = Debug;
		};
		D7A993DC2A10DBCD00A856AE /* Release */ = {
			isa = XCBuildConfiguration;
			buildSettings = {
				ALWAYS_EMBED_SWIFT_STANDARD_LIBRARIES = YES;
				BUNDLE_LOADER = "$(TEST_HOST)";
				CODE_SIGN_STYLE = Automatic;
				CURRENT_PROJECT_VERSION = 1;
				DEVELOPMENT_TEAM = SR8M6C93J7;
				GENERATE_INFOPLIST_FILE = YES;
				IPHONEOS_DEPLOYMENT_TARGET = 16.4;
				MARKETING_VERSION = 1.0;
				PRODUCT_BUNDLE_IDENTIFIER = com.example.CounterTests;
				PRODUCT_NAME = "$(TARGET_NAME)";
				SWIFT_EMIT_LOC_STRINGS = NO;
				SWIFT_VERSION = 5.0;
				TARGETED_DEVICE_FAMILY = "1,2";
				TEST_HOST = "$(BUILT_PRODUCTS_DIR)/Counter.app/$(BUNDLE_EXECUTABLE_FOLDER_PATH)/Counter";
			};
			name = Release;
		};
		D7A993DE2A10DBCD00A856AE /* Debug */ = {
			isa = XCBuildConfiguration;
			buildSettings = {
				ALWAYS_EMBED_SWIFT_STANDARD_LIBRARIES = YES;
				CODE_SIGN_STYLE = Automatic;
				CURRENT_PROJECT_VERSION = 1;
				DEVELOPMENT_TEAM = SR8M6C93J7;
				GENERATE_INFOPLIST_FILE = YES;
				MARKETING_VERSION = 1.0;
				PRODUCT_BUNDLE_IDENTIFIER = com.example.CounterUITests;
				PRODUCT_NAME = "$(TARGET_NAME)";
				SWIFT_EMIT_LOC_STRINGS = NO;
				SWIFT_VERSION = 5.0;
				TARGETED_DEVICE_FAMILY = "1,2";
				TEST_TARGET_NAME = Counter;
			};
			name = Debug;
		};
		D7A993DF2A10DBCD00A856AE /* Release */ = {
			isa = XCBuildConfiguration;
			buildSettings = {
				ALWAYS_EMBED_SWIFT_STANDARD_LIBRARIES = YES;
				CODE_SIGN_STYLE = Automatic;
				CURRENT_PROJECT_VERSION = 1;
				DEVELOPMENT_TEAM = SR8M6C93J7;
				GENERATE_INFOPLIST_FILE = YES;
				MARKETING_VERSION = 1.0;
				PRODUCT_BUNDLE_IDENTIFIER = com.example.CounterUITests;
				PRODUCT_NAME = "$(TARGET_NAME)";
				SWIFT_EMIT_LOC_STRINGS = NO;
				SWIFT_VERSION = 5.0;
				TARGETED_DEVICE_FAMILY = "1,2";
				TEST_TARGET_NAME = Counter;
			};
			name = Release;
		};
/* End XCBuildConfiguration section */

/* Begin XCConfigurationList section */
		D7A993A82A10DBCB00A856AE /* Build configuration list for PBXProject "Counter" */ = {
			isa = XCConfigurationList;
			buildConfigurations = (
				D7A993D52A10DBCD00A856AE /* Debug */,
				D7A993D62A10DBCD00A856AE /* Release */,
			);
			defaultConfigurationIsVisible = 0;
			defaultConfigurationName = Release;
		};
		D7A993D72A10DBCD00A856AE /* Build configuration list for PBXNativeTarget "Counter" */ = {
			isa = XCConfigurationList;
			buildConfigurations = (
				D7A993D82A10DBCD00A856AE /* Debug */,
				D7A993D92A10DBCD00A856AE /* Release */,
			);
			defaultConfigurationIsVisible = 0;
			defaultConfigurationName = Release;
		};
		D7A993DA2A10DBCD00A856AE /* Build configuration list for PBXNativeTarget "CounterTests" */ = {
			isa = XCConfigurationList;
			buildConfigurations = (
				D7A993DB2A10DBCD00A856AE /* Debug */,
				D7A993DC2A10DBCD00A856AE /* Release */,
			);
			defaultConfigurationIsVisible = 0;
			defaultConfigurationName = Release;
		};
		D7A993DD2A10DBCD00A856AE /* Build configuration list for PBXNativeTarget "CounterUITests" */ = {
			isa = XCConfigurationList;
			buildConfigurations = (
				D7A993DE2A10DBCD00A856AE /* Debug */,
				D7A993DF2A10DBCD00A856AE /* Release */,
			);
			defaultConfigurationIsVisible = 0;
			defaultConfigurationName = Release;
		};
/* End XCConfigurationList section */
	};
	rootObject = D7A993A52A10DBCB00A856AE /* Project object */;
}
